{
    "_meta": {
        "hash": {
            "sha256": "93d60766428eace787e8c34612b19d0a70d1450d6774ee9498d21d3cc0ee2e9e"
        },
        "pipfile-spec": 6,
        "requires": {
            "python_version": "3.12"
        },
        "sources": [
            {
                "name": "pypi",
                "url": "https://pypi.org/simple",
                "verify_ssl": true
            }
        ]
    },
    "default": {
        "asgiref": {
            "hashes": [
                "sha256:a5ab6582236218e5ef1648f242fd9f10626cfd4de8dc377db215d5d5098e3142",
                "sha256:f3bba7092a48005b5f5bacd747d36ee4a5a61f4a269a6df590b43144355ebd2c"
            ],
            "markers": "python_version >= '3.9'",
            "version": "==3.9.1"
        },
        "crispy-bootstrap5": {
            "hashes": [
                "sha256:a343aa128b4383f35f00295b94de2b10862f2a4f24eda21fa6ead45234c07050",
                "sha256:f1bde7cac074c650fc82f31777d4a4cfd0df2512c68bc4128f259c75d3daada4"
            ],
            "index": "pypi",
            "markers": "python_version >= '3.8'",
            "version": "==2025.6"
        },
        "diff-match-patch": {
            "hashes": [
                "sha256:93cea333fb8b2bc0d181b0de5e16df50dd344ce64828226bda07728818936782",
                "sha256:beae57a99fa48084532935ee2968b8661db861862ec82c6f21f4acdd6d835073"
            ],
            "markers": "python_version >= '3.7'",
            "version": "==20241021"
        },
        "django": {
            "hashes": [
                "sha256:0745b25681b129a77aae3d4f6549b62d3913d74407831abaa0d9021a03954bae",
                "sha256:2b2ada0ee8a5ff743a40e2b9820d1f8e24c11bac9ae6469cd548f0057ea6ddcd"
            ],
            "index": "pypi",
            "markers": "python_version >= '3.10'",
            "version": "==5.2.5"
        },
        "django-crispy-forms": {
            "hashes": [
                "sha256:5a4b99876cfb1bdd3e47727731b6d4197c51c0da502befbfbec6a93010b02030",
                "sha256:915e1ffdeb2987d78b33fabfeff8e5203c8776aa910a3a659a2c514ca125f3bd"
            ],
            "index": "pypi",
            "markers": "python_version >= '3.8'",
            "version": "==2.4"
        },
        "django-formtools": {
            "hashes": [
                "sha256:47cb34552c6efca088863d693284d04fc36eaaf350eb21e1a1d935e0df523c93",
                "sha256:bce9b64eda52cc1eef6961cc649cf75aacd1a707c2fff08d6c3efcbc8e7e761a"
            ],
            "index": "pypi",
            "markers": "python_version >= '3.8'",
            "version": "==2.5.1"
        },
        "django-import-export": {
            "extras": [
                "xlsx"
            ],
            "hashes": [
                "sha256:3d83b1c28f30935240ef9d914a1d4845c6fcaf5c7e5454889dda800eb5d374fb",
                "sha256:966e01c2cbd6acda710a0a0097cd99b28d4f9883abbfbbf712f34a2e8eea8809"
            ],
            "index": "pypi",
            "markers": "python_version >= '3.9'",
            "version": "==4.3.9"
        },
        "mysqlclient": {
            "hashes": [
                "sha256:199dab53a224357dd0cb4d78ca0e54018f9cee9bf9ec68d72db50e0a23569076",
                "sha256:201a6faa301011dd07bca6b651fe5aaa546d7c9a5426835a06c3172e1056a3c5",
                "sha256:24ae22b59416d5fcce7e99c9d37548350b4565baac82f95e149cac6ce4163845",
                "sha256:2e3c11f7625029d7276ca506f8960a7fd3c5a0a0122c9e7404e6a8fe961b3d22",
                "sha256:4b4c0200890837fc64014cc938ef2273252ab544c1b12a6c1d674c23943f3f2e",
                "sha256:92af368ed9c9144737af569c86d3b6c74a012a6f6b792eb868384787b52bb585",
                "sha256:977e35244fe6ef44124e9a1c2d1554728a7b76695598e4b92b37dc2130503069",
                "sha256:a22d99d26baf4af68ebef430e3131bb5a9b722b79a9fcfac6d9bbf8a88800687"
            ],
            "index": "pypi",
            "markers": "python_version >= '3.8'",
            "version": "==2.2.7"
        },
        "sqlparse": {
            "hashes": [
                "sha256:09f67787f56a0b16ecdbde1bfc7f5d9c3371ca683cfeaa8e6ff60b4807ec9272",
                "sha256:cf2196ed3418f3ba5de6af7e82c694a9fbdbfecccdfc72e281548517081f16ca"
            ],
            "markers": "python_version >= '3.8'",
            "version": "==0.5.3"
        },
        "tablib": {
            "extras": [
                "xlsx"
            ],
            "hashes": [
                "sha256:35bdb9d4ec7052232f8803908f9c7a9c3c65807188b70618fa7a7d8ccd560b4d",
                "sha256:94d8bcdc65a715a0024a6d5b701a5f31e45bd159269e62c73731de79f048db2b"
            ],
            "markers": "python_version >= '3.9'",
            "version": "==3.8.0"
        },
        "tzdata": {
            "hashes": [
                "sha256:1a403fada01ff9221ca8044d701868fa132215d84beb92242d9acd2147f667a8",
                "sha256:b60a638fcc0daffadf82fe0f57e53d06bdec2f36c4df66280ae79bce6bd6f2b9"
            ],
            "markers": "sys_platform == 'win32'",
            "version": "==2025.2"
        }
    },
    "develop": {}
}
